
Microsoft Visual Studio Solution File, Format Version 12.00
# Visual Studio Version 17
VisualStudioVersion = 17.14.36518.9 d17.14
MinimumVisualStudioVersion = 10.0.40219.1
Project("{FAE04EC0-301F-11D3-BF4B-00C04F79EFBC}") = "VisualProgramming", "VisualProgramming\VisualProgramming.csproj", "{97A9B150-C660-4B7D-B1A4-567622847835}"
EndProject
Global
	GlobalSection(SolutionConfigurationPlatforms) = preSolution
		Debug|Any CPU = Debug|Any CPU
		Release|Any CPU = Release|Any CPU
	EndGlobalSection
	GlobalSection(ProjectConfigurationPlatforms) = postSolution
		{97A9B150-C660-4B7D-B1A4-567622847835}.Debug|Any CPU.ActiveCfg = Debug|Any CPU
		{97A9B150-C660-4B7D-B1A4-567622847835}.Debug|Any CPU.Build.0 = Debug|Any CPU
		{97A9B150-C660-4B7D-B1A4-567622847835}.Release|Any CPU.ActiveCfg = Release|Any CPU
		{97A9B150-C660-4B7D-B1A4-567622847835}.Release|Any CPU.Build.0 = Release|Any CPU
	EndGlobalSection
	GlobalSection(SolutionProperties) = preSolution
		HideSolutionNode = FALSE
	EndGlobalSection
	GlobalSection(ExtensibilityGlobals) = postSolution
		SolutionGuid = {43CDDD2C-5CD4-4D59-BE31-BADF1A9D9ACB}
	EndGlobalSection
EndGlobal
